{
    "_meta": {
        "hash": {
            "sha256": "fe801aee362af0295a3852ab949175d38ae8fa2baed06c9da5aa55d7b7ee6b57"
        },
        "pipfile-spec": 6,
        "requires": {
            "python_version": "3.6"
        },
        "sources": [
            {
                "name": "pypi",
                "url": "https://pypi.org/simple",
                "verify_ssl": true
            }
        ]
    },
    "default": {
        "btmhdw": {
            "editable": true,
            "path": "."
        },
        "mnemonic": {
            "hashes": [
                "sha256:9f58a9eba9995e4342b2b53a945b5cae9fd154aca8e940e0e2be8f61e037e62c"
            ],
            "version": "==0.13"
        },
        "pbkdf2": {
            "hashes": [
                "sha256:ac6397369f128212c43064a2b4878038dab78dab41875364554aaf2a684e6979"
            ],
            "version": "==1.3"
        }
    },
    "develop": {
        "mnemonic": {
            "hashes": [
                "sha256:9f58a9eba9995e4342b2b53a945b5cae9fd154aca8e940e0e2be8f61e037e62c"
            ],
            "version": "==0.13"
        },
        "pbkdf2": {
            "hashes": [
                "sha256:ac6397369f128212c43064a2b4878038dab78dab41875364554aaf2a684e6979"
            ],
            "version": "==1.3"
        }
    }
}
